// !$*UTF8*$!
{
	archiveVersion = 1;
	classes = {
	};
	objectVersion = 46;
	objects = {

/* Begin PBXBuildFile section */
		69E60EA41ACF7A5C00D47CC1 /* main.m in Sources */ = {isa = PBXBuildFile; fileRef = 69E60EA31ACF7A5C00D47CC1 /* main.m */; };
		69E60EA71ACF7A5C00D47CC1 /* AppDelegate.m in Sources */ = {isa = PBXBuildFile; fileRef = 69E60EA61ACF7A5C00D47CC1 /* AppDelegate.m */; };
		69E60EAA1ACF7A5C00D47CC1 /* CheeseCake.xcdatamodeld in Sources */ = {isa = PBXBuildFile; fileRef = 69E60EA81ACF7A5C00D47CC1 /* CheeseCake.xcdatamodeld */; };
		69E60EAD1ACF7A5C00D47CC1 /* ViewController.m in Sources */ = {isa = PBXBuildFile; fileRef = 69E60EAC1ACF7A5C00D47CC1 /* ViewController.m */; };
		69E60EB01ACF7A5C00D47CC1 /* Main.storyboard in Resources */ = {isa = PBXBuildFile; fileRef = 69E60EAE1ACF7A5C00D47CC1 /* Main.storyboard */; };
		69E60EB21ACF7A5C00D47CC1 /* Images.xcassets in Resources */ = {isa = PBXBuildFile; fileRef = 69E60EB11ACF7A5C00D47CC1 /* Images.xcassets */; };
		69E60EB51ACF7A5C00D47CC1 /* LaunchScreen.xib in Resources */ = {isa = PBXBuildFile; fileRef = 69E60EB31ACF7A5C00D47CC1 /* LaunchScreen.xib */; };
		69E60EC11ACF7A5C00D47CC1 /* CheeseCakeTests.m in Sources */ = {isa = PBXBuildFile; fileRef = 69E60EC01ACF7A5C00D47CC1 /* CheeseCakeTests.m */; };
/* End PBXBuildFile section */

/* Begin PBXContainerItemProxy section */
		69E60EBB1ACF7A5C00D47CC1 /* PBXContainerItemProxy */ = {
			isa = PBXContainerItemProxy;
			containerPortal = 69E60E961ACF7A5C00D47CC1 /* Project object */;
			proxyType = 1;
			remoteGlobalIDString = 69E60E9D1ACF7A5C00D47CC1;
			remoteInfo = CheeseCake;
		};
/* End PBXContainerItemProxy section */

/* Begin PBXFileReference section */
		69E60E9E1ACF7A5C00D47CC1 /* CheeseCake.app */ = {isa = PBXFileReference; explicitFileType = wrapper.application; includeInIndex = 0; path = CheeseCake.app; sourceTree = BUILT_PRODUCTS_DIR; };
		69E60EA21ACF7A5C00D47CC1 /* Info.plist */ = {isa = PBXFileReference; lastKnownFileType = text.plist.xml; path = Info.plist; sourceTree = "<group>"; };
		69E60EA31ACF7A5C00D47CC1 /* main.m */ = {isa = PBXFileReference; lastKnownFileType = sourcecode.c.objc; path = main.m; sourceTree = "<group>"; };
		69E60EA51ACF7A5C00D47CC1 /* AppDelegate.h */ = {isa = PBXFileReference; lastKnownFileType = sourcecode.c.h; path = AppDelegate.h; sourceTree = "<group>"; };
		69E60EA61ACF7A5C00D47CC1 /* AppDelegate.m */ = {isa = PBXFileReference; lastKnownFileType = sourcecode.c.objc; path = AppDelegate.m; sourceTree = "<group>"; };
		69E60EA91ACF7A5C00D47CC1 /* CheeseCake.xcdatamodel */ = {isa = PBXFileReference; lastKnownFileType = wrapper.xcdatamodel; path = CheeseCake.xcdatamodel; sourceTree = "<group>"; };
		69E60EAB1ACF7A5C00D47CC1 /* ViewController.h */ = {isa = PBXFileReference; lastKnownFileType = sourcecode.c.h; path = ViewController.h; sourceTree = "<group>"; };
		69E60EAC1ACF7A5C00D47CC1 /* ViewController.m */ = {isa = PBXFileReference; lastKnownFileType = sourcecode.c.objc; path = ViewController.m; sourceTree = "<group>"; };
		69E60EAF1ACF7A5C00D47CC1 /* Base */ = {isa = PBXFileReference; lastKnownFileType = file.storyboard; name = Base; path = Base.lproj/Main.storyboard; sourceTree = "<group>"; };
		69E60EB11ACF7A5C00D47CC1 /* Images.xcassets */ = {isa = PBXFileReference; lastKnownFileType = folder.assetcatalog; path = Images.xcassets; sourceTree = "<group>"; };
		69E60EB41ACF7A5C00D47CC1 /* Base */ = {isa = PBXFileReference; lastKnownFileType = file.xib; name = Base; path = Base.lproj/LaunchScreen.xib; sourceTree = "<group>"; };
		69E60EBA1ACF7A5C00D47CC1 /* CheeseCakeTests.xctest */ = {isa = PBXFileReference; explicitFileType = wrapper.cfbundle; includeInIndex = 0; path = CheeseCakeTests.xctest; sourceTree = BUILT_PRODUCTS_DIR; };
		69E60EBF1ACF7A5C00D47CC1 /* Info.plist */ = {isa = PBXFileReference; lastKnownFileType = text.plist.xml; path = Info.plist; sourceTree = "<group>"; };
		69E60EC01ACF7A5C00D47CC1 /* CheeseCakeTests.m */ = {isa = PBXFileReference; lastKnownFileType = sourcecode.c.objc; path = CheeseCakeTests.m; sourceTree = "<group>"; };
/* End PBXFileReference section */

/* Begin PBXFrameworksBuildPhase section */
		69E60E9B1ACF7A5C00D47CC1 /* Frameworks */ = {
			isa = PBXFrameworksBuildPhase;
			buildActionMask = 2147483647;
			files = (
			);
			runOnlyForDeploymentPostprocessing = 0;
		};
		69E60EB71ACF7A5C00D47CC1 /* Frameworks */ = {
			isa = PBXFrameworksBuildPhase;
			buildActionMask = 2147483647;
			files = (
			);
			runOnlyForDeploymentPostprocessing = 0;
		};
/* End PBXFrameworksBuildPhase section */

/* Begin PBXGroup section */
		69E60E951ACF7A5C00D47CC1 = {
			isa = PBXGroup;
			children = (
				69E60EA01ACF7A5C00D47CC1 /* CheeseCake */,
				69E60EBD1ACF7A5C00D47CC1 /* CheeseCakeTests */,
				69E60E9F1ACF7A5C00D47CC1 /* Products */,
			);
			sourceTree = "<group>";
		};
		69E60E9F1ACF7A5C00D47CC1 /* Products */ = {
			isa = PBXGroup;
			children = (
				69E60E9E1ACF7A5C00D47CC1 /* CheeseCake.app */,
				69E60EBA1ACF7A5C00D47CC1 /* CheeseCakeTests.xctest */,
			);
			name = Products;
			sourceTree = "<group>";
		};
		69E60EA01ACF7A5C00D47CC1 /* CheeseCake */ = {
			isa = PBXGroup;
			children = (
				69E60EA51ACF7A5C00D47CC1 /* AppDelegate.h */,
				69E60EA61ACF7A5C00D47CC1 /* AppDelegate.m */,
				69E60EAB1ACF7A5C00D47CC1 /* ViewController.h */,
				69E60EAC1ACF7A5C00D47CC1 /* ViewController.m */,
				69E60EAE1ACF7A5C00D47CC1 /* Main.storyboard */,
				69E60EB11ACF7A5C00D47CC1 /* Images.xcassets */,
				69E60EB31ACF7A5C00D47CC1 /* LaunchScreen.xib */,
				69E60EA81ACF7A5C00D47CC1 /* CheeseCake.xcdatamodeld */,
				69E60EA11ACF7A5C00D47CC1 /* Supporting Files */,
			);
			path = CheeseCake;
			sourceTree = "<group>";
		};
		69E60EA11ACF7A5C00D47CC1 /* Supporting Files */ = {
			isa = PBXGroup;
			children = (
				69E60EA21ACF7A5C00D47CC1 /* Info.plist */,
				69E60EA31ACF7A5C00D47CC1 /* main.m */,
			);
			name = "Supporting Files";
			sourceTree = "<group>";
		};
		69E60EBD1ACF7A5C00D47CC1 /* CheeseCakeTests */ = {
			isa = PBXGroup;
			children = (
				69E60EC01ACF7A5C00D47CC1 /* CheeseCakeTests.m */,
				69E60EBE1ACF7A5C00D47CC1 /* Supporting Files */,
			);
			path = CheeseCakeTests;
			sourceTree = "<group>";
		};
		69E60EBE1ACF7A5C00D47CC1 /* Supporting Files */ = {
			isa = PBXGroup;
			children = (
				69E60EBF1ACF7A5C00D47CC1 /* Info.plist */,
			);
			name = "Supporting Files";
			sourceTree = "<group>";
		};
/* End PBXGroup section */

/* Begin PBXNativeTarget section */
		69E60E9D1ACF7A5C00D47CC1 /* CheeseCake */ = {
			isa = PBXNativeTarget;
			buildConfigurationList = 69E60EC41ACF7A5C00D47CC1 /* Build configuration list for PBXNativeTarget "CheeseCake" */;
			buildPhases = (
				69E60E9A1ACF7A5C00D47CC1 /* Sources */,
				69E60E9B1ACF7A5C00D47CC1 /* Frameworks */,
				69E60E9C1ACF7A5C00D47CC1 /* Resources */,
			);
			buildRules = (
			);
			dependencies = (
			);
			name = CheeseCake;
			productName = CheeseCake;
			productReference = 69E60E9E1ACF7A5C00D47CC1 /* CheeseCake.app */;
			productType = "com.apple.product-type.application";
		};
		69E60EB91ACF7A5C00D47CC1 /* CheeseCakeTests */ = {
			isa = PBXNativeTarget;
			buildConfigurationList = 69E60EC71ACF7A5C00D47CC1 /* Build configuration list for PBXNativeTarget "CheeseCakeTests" */;
			buildPhases = (
				69E60EB61ACF7A5C00D47CC1 /* Sources */,
				69E60EB71ACF7A5C00D47CC1 /* Frameworks */,
				69E60EB81ACF7A5C00D47CC1 /* Resources */,
			);
			buildRules = (
			);
			dependencies = (
				69E60EBC1ACF7A5C00D47CC1 /* PBXTargetDependency */,
			);
			name = CheeseCakeTests;
			productName = CheeseCakeTests;
			productReference = 69E60EBA1ACF7A5C00D47CC1 /* CheeseCakeTests.xctest */;
			productType = "com.apple.product-type.bundle.unit-test";
		};
/* End PBXNativeTarget section */

/* Begin PBXProject section */
		69E60E961ACF7A5C00D47CC1 /* Project object */ = {
			isa = PBXProject;
			attributes = {
				LastUpgradeCheck = 0620;
				ORGANIZATIONNAME = "Ariane Oliveira";
				TargetAttributes = {
					69E60E9D1ACF7A5C00D47CC1 = {
						CreatedOnToolsVersion = 6.2;
					};
					69E60EB91ACF7A5C00D47CC1 = {
						CreatedOnToolsVersion = 6.2;
						TestTargetID = 69E60E9D1ACF7A5C00D47CC1;
					};
				};
			};
			buildConfigurationList = 69E60E991ACF7A5C00D47CC1 /* Build configuration list for PBXProject "CheeseCake" */;
			compatibilityVersion = "Xcode 3.2";
			developmentRegion = English;
			hasScannedForEncodings = 0;
			knownRegions = (
				en,
				Base,
			);
			mainGroup = 69E60E951ACF7A5C00D47CC1;
			productRefGroup = 69E60E9F1ACF7A5C00D47CC1 /* Products */;
			projectDirPath = "";
			projectRoot = "";
			targets = (
				69E60E9D1ACF7A5C00D47CC1 /* CheeseCake */,
				69E60EB91ACF7A5C00D47CC1 /* CheeseCakeTests */,
			);
		};
/* End PBXProject section */

/* Begin PBXResourcesBuildPhase section */
		69E60E9C1ACF7A5C00D47CC1 /* Resources */ = {
			isa = PBXResourcesBuildPhase;
			buildActionMask = 2147483647;
			files = (
				69E60EB01ACF7A5C00D47CC1 /* Main.storyboard in Resources */,
				69E60EB51ACF7A5C00D47CC1 /* LaunchScreen.xib in Resources */,
				69E60EB21ACF7A5C00D47CC1 /* Images.xcassets in Resources */,
			);
			runOnlyForDeploymentPostprocessing = 0;
		};
		69E60EB81ACF7A5C00D47CC1 /* Resources */ = {
			isa = PBXResourcesBuildPhase;
			buildActionMask = 2147483647;
			files = (
			);
			runOnlyForDeploymentPostprocessing = 0;
		};
/* End PBXResourcesBuildPhase section */

/* Begin PBXSourcesBuildPhase section */
		69E60E9A1ACF7A5C00D47CC1 /* Sources */ = {
			isa = PBXSourcesBuildPhase;
			buildActionMask = 2147483647;
			files = (
				69E60EA71ACF7A5C00D47CC1 /* AppDelegate.m in Sources */,
				69E60EA41ACF7A5C00D47CC1 /* main.m in Sources */,
				69E60EAD1ACF7A5C00D47CC1 /* ViewController.m in Sources */,
				69E60EAA1ACF7A5C00D47CC1 /* CheeseCake.xcdatamodeld in Sources */,
			);
			runOnlyForDeploymentPostprocessing = 0;
		};
		69E60EB61ACF7A5C00D47CC1 /* Sources */ = {
			isa = PBXSourcesBuildPhase;
			buildActionMask = 2147483647;
			files = (
				69E60EC11ACF7A5C00D47CC1 /* CheeseCakeTests.m in Sources */,
			);
			runOnlyForDeploymentPostprocessing = 0;
		};
/* End PBXSourcesBuildPhase section */

/* Begin PBXTargetDependency section */
		69E60EBC1ACF7A5C00D47CC1 /* PBXTargetDependency */ = {
			isa = PBXTargetDependency;
			target = 69E60E9D1ACF7A5C00D47CC1 /* CheeseCake */;
			targetProxy = 69E60EBB1ACF7A5C00D47CC1 /* PBXContainerItemProxy */;
		};
/* End PBXTargetDependency section */

/* Begin PBXVariantGroup section */
		69E60EAE1ACF7A5C00D47CC1 /* Main.storyboard */ = {
			isa = PBXVariantGroup;
			children = (
				69E60EAF1ACF7A5C00D47CC1 /* Base */,
			);
			name = Main.storyboard;
			sourceTree = "<group>";
		};
		69E60EB31ACF7A5C00D47CC1 /* LaunchScreen.xib */ = {
			isa = PBXVariantGroup;
			children = (
				69E60EB41ACF7A5C00D47CC1 /* Base */,
			);
			name = LaunchScreen.xib;
			sourceTree = "<group>";
		};
/* End PBXVariantGroup section */

/* Begin XCBuildConfiguration section */
		69E60EC21ACF7A5C00D47CC1 /* Debug */ = {
			isa = XCBuildConfiguration;
			buildSettings = {
				ALWAYS_SEARCH_USER_PATHS = NO;
				CLANG_CXX_LANGUAGE_STANDARD = "gnu++0x";
				CLANG_CXX_LIBRARY = "libc++";
				CLANG_ENABLE_MODULES = YES;
				CLANG_ENABLE_OBJC_ARC = YES;
				CLANG_WARN_BOOL_CONVERSION = YES;
				CLANG_WARN_CONSTANT_CONVERSION = YES;
				CLANG_WARN_DIRECT_OBJC_ISA_USAGE = YES_ERROR;
				CLANG_WARN_EMPTY_BODY = YES;
				CLANG_WARN_ENUM_CONVERSION = YES;
				CLANG_WARN_INT_CONVERSION = YES;
				CLANG_WARN_OBJC_ROOT_CLASS = YES_ERROR;
				CLANG_WARN_UNREACHABLE_CODE = YES;
				CLANG_WARN__DUPLICATE_METHOD_MATCH = YES;
				"CODE_SIGN_IDENTITY[sdk=iphoneos*]" = "iPhone Developer";
				COPY_PHASE_STRIP = NO;
				ENABLE_STRICT_OBJC_MSGSEND = YES;
				GCC_C_LANGUAGE_STANDARD = gnu99;
				GCC_DYNAMIC_NO_PIC = NO;
				GCC_OPTIMIZATION_LEVEL = 0;
				GCC_PREPROCESSOR_DEFINITIONS = (
					"DEBUG=1",
					"$(inherited)",
				);
				GCC_SYMBOLS_PRIVATE_EXTERN = NO;
				GCC_WARN_64_TO_32_BIT_CONVERSION = YES;
				GCC_WARN_ABOUT_RETURN_TYPE = YES_ERROR;
				GCC_WARN_UNDECLARED_SELECTOR = YES;
				GCC_WARN_UNINITIALIZED_AUTOS = YES_AGGRESSIVE;
				GCC_WARN_UNUSED_FUNCTION = YES;
				GCC_WARN_UNUSED_VARIABLE = YES;
				IPHONEOS_DEPLOYMENT_TARGET = 8.2;
				MTL_ENABLE_DEBUG_INFO = YES;
				ONLY_ACTIVE_ARCH = YES;
				SDKROOT = iphoneos;
				TARGETED_DEVICE_FAMILY = "1,2";
			};
			name = Debug;
		};
		69E60EC31ACF7A5C00D47CC1 /* Release */ = {
			isa = XCBuildConfiguration;
			buildSettings = {
				ALWAYS_SEARCH_USER_PATHS = NO;
				CLANG_CXX_LANGUAGE_STANDARD = "gnu++0x";
				CLANG_CXX_LIBRARY = "libc++";
				CLANG_ENABLE_MODULES = YES;
				CLANG_ENABLE_OBJC_ARC = YES;
				CLANG_WARN_BOOL_CONVERSION = YES;
				CLANG_WARN_CONSTANT_CONVERSION = YES;
				CLANG_WARN_DIRECT_OBJC_ISA_USAGE = YES_ERROR;
				CLANG_WARN_EMPTY_BODY = YES;
				CLANG_WARN_ENUM_CONVERSION = YES;
				CLANG_WARN_INT_CONVERSION = YES;
				CLANG_WARN_OBJC_ROOT_CLASS = YES_ERROR;
				CLANG_WARN_UNREACHABLE_CODE = YES;
				CLANG_WARN__DUPLICATE_METHOD_MATCH = YES;
				"CODE_SIGN_IDENTITY[sdk=iphoneos*]" = "iPhone Developer";
				COPY_PHASE_STRIP = NO;
				ENABLE_NS_ASSERTIONS = NO;
				ENABLE_STRICT_OBJC_MSGSEND = YES;
				GCC_C_LANGUAGE_STANDARD = gnu99;
				GCC_WARN_64_TO_32_BIT_CONVERSION = YES;
				GCC_WARN_ABOUT_RETURN_TYPE = YES_ERROR;
				GCC_WARN_UNDECLARED_SELECTOR = YES;
				GCC_WARN_UNINITIALIZED_AUTOS = YES_AGGRESSIVE;
				GCC_WARN_UNUSED_FUNCTION = YES;
				GCC_WARN_UNUSED_VARIABLE = YES;
				IPHONEOS_DEPLOYMENT_TARGET = 8.2;
				MTL_ENABLE_DEBUG_INFO = NO;
				SDKROOT = iphoneos;
				TARGETED_DEVICE_FAMILY = "1,2";
				VALIDATE_PRODUCT = YES;
			};
			name = Release;
		};
		69E60EC51ACF7A5C00D47CC1 /* Debug */ = {
			isa = XCBuildConfiguration;
			buildSettings = {
				ASSETCATALOG_COMPILER_APPICON_NAME = AppIcon;
				INFOPLIST_FILE = CheeseCake/Info.plist;
				LD_RUNPATH_SEARCH_PATHS = "$(inherited) @executable_path/Frameworks";
				PRODUCT_NAME = "$(TARGET_NAME)";
			};
			name = Debug;
		};
		69E60EC61ACF7A5C00D47CC1 /* Release */ = {
			isa = XCBuildConfiguration;
			buildSettings = {
				ASSETCATALOG_COMPILER_APPICON_NAME = AppIcon;
				INFOPLIST_FILE = CheeseCake/Info.plist;
				LD_RUNPATH_SEARCH_PATHS = "$(inherited) @executable_path/Frameworks";
				PRODUCT_NAME = "$(TARGET_NAME)";
			};
			name = Release;
		};
		69E60EC81ACF7A5C00D47CC1 /* Debug */ = {
			isa = XCBuildConfiguration;
			buildSettings = {
				BUNDLE_LOADER = "$(TEST_HOST)";
				FRAMEWORK_SEARCH_PATHS = (
					"$(SDKROOT)/Developer/Library/Frameworks",
					"$(inherited)",
				);
				GCC_PREPROCESSOR_DEFINITIONS = (
					"DEBUG=1",
					"$(inherited)",
				);
				INFOPLIST_FILE = CheeseCakeTests/Info.plist;
				LD_RUNPATH_SEARCH_PATHS = "$(inherited) @executable_path/Frameworks @loader_path/Frameworks";
				PRODUCT_NAME = "$(TARGET_NAME)";
				TEST_HOST = "$(BUILT_PRODUCTS_DIR)/CheeseCake.app/CheeseCake";
			};
			name = Debug;
		};
		69E60EC91ACF7A5C00D47CC1 /* Release */ = {
			isa = XCBuildConfiguration;
			buildSettings = {
				BUNDLE_LOADER = "$(TEST_HOST)";
				FRAMEWORK_SEARCH_PATHS = (
					"$(SDKROOT)/Developer/Library/Frameworks",
					"$(inherited)",
				);
				INFOPLIST_FILE = CheeseCakeTests/Info.plist;
				LD_RUNPATH_SEARCH_PATHS = "$(inherited) @executable_path/Frameworks @loader_path/Frameworks";
				PRODUCT_NAME = "$(TARGET_NAME)";
				TEST_HOST = "$(BUILT_PRODUCTS_DIR)/CheeseCake.app/CheeseCake";
			};
			name = Release;
		};
/* End XCBuildConfiguration section */

/* Begin XCConfigurationList section */
		69E60E991ACF7A5C00D47CC1 /* Build configuration list for PBXProject "CheeseCake" */ = {
			isa = XCConfigurationList;
			buildConfigurations = (
				69E60EC21ACF7A5C00D47CC1 /* Debug */,
				69E60EC31ACF7A5C00D47CC1 /* Release */,
			);
			defaultConfigurationIsVisible = 0;
			defaultConfigurationName = Release;
		};
		69E60EC41ACF7A5C00D47CC1 /* Build configuration list for PBXNativeTarget "CheeseCake" */ = {
			isa = XCConfigurationList;
			buildConfigurations = (
				69E60EC51ACF7A5C00D47CC1 /* Debug */,
				69E60EC61ACF7A5C00D47CC1 /* Release */,
			);
			defaultConfigurationIsVisible = 0;
		};
		69E60EC71ACF7A5C00D47CC1 /* Build configuration list for PBXNativeTarget "CheeseCakeTests" */ = {
			isa = XCConfigurationList;
			buildConfigurations = (
				69E60EC81ACF7A5C00D47CC1 /* Debug */,
				69E60EC91ACF7A5C00D47CC1 /* Release */,
			);
			defaultConfigurationIsVisible = 0;
		};
/* End XCConfigurationList section */

/* Begin XCVersionGroup section */
		69E60EA81ACF7A5C00D47CC1 /* CheeseCake.xcdatamodeld */ = {
			isa = XCVersionGroup;
			children = (
				69E60EA91ACF7A5C00D47CC1 /* CheeseCake.xcdatamodel */,
			);
			currentVersion = 69E60EA91ACF7A5C00D47CC1 /* CheeseCake.xcdatamodel */;
			path = CheeseCake.xcdatamodeld;
			sourceTree = "<group>";
			versionGroupType = wrapper.xcdatamodel;
		};
/* End XCVersionGroup section */
	};
	rootObject = 69E60E961ACF7A5C00D47CC1 /* Project object */;
}
